
Microsoft Visual Studio Solution File, Format Version 12.00
# Visual Studio Version 16
VisualStudioVersion = 16.0.30104.148
MinimumVisualStudioVersion = 10.0.40219.1
Project("{FAE04EC0-301F-11D3-BF4B-00C04F79EFBC}") = "PixivRssGen", "PixivRssGen\PixivRssGen.csproj", "{D38B5765-4338-4DC3-9E8D-0FA61873A1B2}"
EndProject
Global
	GlobalSection(SolutionConfigurationPlatforms) = preSolution
		Debug|Any CPU = Debug|Any CPU
		Release|Any CPU = Release|Any CPU
	EndGlobalSection
	GlobalSection(ProjectConfigurationPlatforms) = postSolution
		{D38B5765-4338-4DC3-9E8D-0FA61873A1B2}.Debug|Any CPU.ActiveCfg = Debug|Any CPU
		{D38B5765-4338-4DC3-9E8D-0FA61873A1B2}.Debug|Any CPU.Build.0 = Debug|Any CPU
		{D38B5765-4338-4DC3-9E8D-0FA61873A1B2}.Release|Any CPU.ActiveCfg = Release|Any CPU
		{D38B5765-4338-4DC3-9E8D-0FA61873A1B2}.Release|Any CPU.Build.0 = Release|Any CPU
	EndGlobalSection
	GlobalSection(SolutionProperties) = preSolution
		HideSolutionNode = FALSE
	EndGlobalSection
	GlobalSection(ExtensibilityGlobals) = postSolution
		SolutionGuid = {9AFD1804-0FE2-4923-BE32-20DE658A4A18}
	EndGlobalSection
EndGlobal
